Microsoft Visual Studio Solution File, Format Version 12.00
# Visual Studio Version 17
VisualStudioVersion = 17.5.2.0
MinimumVisualStudioVersion = 10.0.40219.1
Project("{FAE04EC0-301F-11D3-BF4B-00C04F79EFBC}") = "GiuFlores139Web", "GiuFlores139Web.csproj", "{0A071C79-B1F9-B752-6FEC-1EC46EB61626}"
EndProject
Global
	GlobalSection(SolutionConfigurationPlatforms) = preSolution
		Debug|Any CPU = Debug|Any CPU
		Release|Any CPU = Release|Any CPU
	EndGlobalSection
	GlobalSection(ProjectConfigurationPlatforms) = postSolution
		{0A071C79-B1F9-B752-6FEC-1EC46EB61626}.Debug|Any CPU.ActiveCfg = Debug|Any CPU
		{0A071C79-B1F9-B752-6FEC-1EC46EB61626}.Debug|Any CPU.Build.0 = Debug|Any CPU
		{0A071C79-B1F9-B752-6FEC-1EC46EB61626}.Release|Any CPU.ActiveCfg = Release|Any CPU
		{0A071C79-B1F9-B752-6FEC-1EC46EB61626}.Release|Any CPU.Build.0 = Release|Any CPU
	EndGlobalSection
	GlobalSection(SolutionProperties) = preSolution
		HideSolutionNode = FALSE
	EndGlobalSection
	GlobalSection(ExtensibilityGlobals) = postSolution
		SolutionGuid = {17A6D808-0BFF-46E3-8CFE-D024E36330BF}
	EndGlobalSection
EndGlobal
